// !$*UTF8*$!
{
	archiveVersion = 1;
	classes = {
	};
	objectVersion = 46;
	objects = {

/* Begin PBXBuildFile section */
		36906AA71A1CAB9C00F3E122 /* MaMaison.gpx in Resources */ = {isa = PBXBuildFile; fileRef = 36906AA61A1CAB9C00F3E122 /* MaMaison.gpx */; };
		9C077D5E1A232C7900F41D7F /* MKAnnotationView+WebCache.m in Sources */ = {isa = PBXBuildFile; fileRef = 9C077D3E1A232C7900F41D7F /* MKAnnotationView+WebCache.m */; };
		9C077D5F1A232C7900F41D7F /* NSData+ImageContentType.m in Sources */ = {isa = PBXBuildFile; fileRef = 9C077D401A232C7900F41D7F /* NSData+ImageContentType.m */; };
		9C077D601A232C7900F41D7F /* SDImageCache.m in Sources */ = {isa = PBXBuildFile; fileRef = 9C077D421A232C7900F41D7F /* SDImageCache.m */; };
		9C077D611A232C7900F41D7F /* SDWebImageCompat.m in Sources */ = {isa = PBXBuildFile; fileRef = 9C077D441A232C7900F41D7F /* SDWebImageCompat.m */; };
		9C077D621A232C7900F41D7F /* SDWebImageDecoder.m in Sources */ = {isa = PBXBuildFile; fileRef = 9C077D461A232C7900F41D7F /* SDWebImageDecoder.m */; };
		9C077D631A232C7900F41D7F /* SDWebImageDownloader.m in Sources */ = {isa = PBXBuildFile; fileRef = 9C077D481A232C7900F41D7F /* SDWebImageDownloader.m */; };
		9C077D641A232C7900F41D7F /* SDWebImageDownloaderOperation.m in Sources */ = {isa = PBXBuildFile; fileRef = 9C077D4A1A232C7900F41D7F /* SDWebImageDownloaderOperation.m */; };
		9C077D651A232C7900F41D7F /* SDWebImageManager.m in Sources */ = {isa = PBXBuildFile; fileRef = 9C077D4C1A232C7900F41D7F /* SDWebImageManager.m */; };
		9C077D661A232C7900F41D7F /* SDWebImagePrefetcher.m in Sources */ = {isa = PBXBuildFile; fileRef = 9C077D4F1A232C7900F41D7F /* SDWebImagePrefetcher.m */; };
		9C077D671A232C7900F41D7F /* UIButton+WebCache.m in Sources */ = {isa = PBXBuildFile; fileRef = 9C077D511A232C7900F41D7F /* UIButton+WebCache.m */; };
		9C077D681A232C7900F41D7F /* UIImage+GIF.m in Sources */ = {isa = PBXBuildFile; fileRef = 9C077D531A232C7900F41D7F /* UIImage+GIF.m */; };
		9C077D691A232C7900F41D7F /* UIImage+MultiFormat.m in Sources */ = {isa = PBXBuildFile; fileRef = 9C077D551A232C7900F41D7F /* UIImage+MultiFormat.m */; };
		9C077D6A1A232C7900F41D7F /* UIImage+WebP.m in Sources */ = {isa = PBXBuildFile; fileRef = 9C077D571A232C7900F41D7F /* UIImage+WebP.m */; };
		9C077D6B1A232C7900F41D7F /* UIImageView+HighlightedWebCache.m in Sources */ = {isa = PBXBuildFile; fileRef = 9C077D591A232C7900F41D7F /* UIImageView+HighlightedWebCache.m */; };
		9C077D6C1A232C7900F41D7F /* UIImageView+WebCache.m in Sources */ = {isa = PBXBuildFile; fileRef = 9C077D5B1A232C7900F41D7F /* UIImageView+WebCache.m */; };
		9C077D6D1A232C7900F41D7F /* UIView+WebCacheOperation.m in Sources */ = {isa = PBXBuildFile; fileRef = 9C077D5D1A232C7900F41D7F /* UIView+WebCacheOperation.m */; };
		9C077DA71A2341C700F41D7F /* CoreData.framework in Frameworks */ = {isa = PBXBuildFile; fileRef = 9C077DA61A2341C700F41D7F /* CoreData.framework */; };
		9C077DAA1A23425300F41D7F /* VelibApp.xcdatamodeld in Sources */ = {isa = PBXBuildFile; fileRef = 9C077DA81A23425300F41D7F /* VelibApp.xcdatamodeld */; };
		9C077DB01A2347E200F41D7F /* Station+AddOn.m in Sources */ = {isa = PBXBuildFile; fileRef = 9C077DAF1A2347E200F41D7F /* Station+AddOn.m */; };
		9C077DB31A2387F500F41D7F /* GenericObject.m in Sources */ = {isa = PBXBuildFile; fileRef = 9C077DB21A2387F500F41D7F /* GenericObject.m */; };
		9C077DBC1A238BCA00F41D7F /* Station.m in Sources */ = {isa = PBXBuildFile; fileRef = 9C077DBB1A238BCA00F41D7F /* Station.m */; };
		9C077DBF1A238BCA00F41D7F /* User.m in Sources */ = {isa = PBXBuildFile; fileRef = 9C077DBE1A238BCA00F41D7F /* User.m */; };
		9C2BD1B71A26126B00821590 /* Settings.bundle in Resources */ = {isa = PBXBuildFile; fileRef = 9C2BD1B61A26126B00821590 /* Settings.bundle */; };
		9C35718D1A1CE6D200F758E2 /* StationService.m in Sources */ = {isa = PBXBuildFile; fileRef = 9C35718C1A1CE6D200F758E2 /* StationService.m */; };
		9C3AF5D51A1A7C8700297BD5 /* PageViewController.m in Sources */ = {isa = PBXBuildFile; fileRef = 9C3AF5D41A1A7C8700297BD5 /* PageViewController.m */; };
		9C9916701A24788500B1472C /* GenericObject+AddOn.m in Sources */ = {isa = PBXBuildFile; fileRef = 9C99166F1A24788500B1472C /* GenericObject+AddOn.m */; };
		9CBE613F1A1A8C750030773B /* PageContentViewController.m in Sources */ = {isa = PBXBuildFile; fileRef = 9CBE613E1A1A8C750030773B /* PageContentViewController.m */; };
		9CC10E9C1A1B90F90043D745 /* StationAnnotation.m in Sources */ = {isa = PBXBuildFile; fileRef = 9CC10E9B1A1B90F90043D745 /* StationAnnotation.m */; };
		9CC10E9E1A1B92550043D745 /* CoreLocation.framework in Frameworks */ = {isa = PBXBuildFile; fileRef = 9CC10E9D1A1B92550043D745 /* CoreLocation.framework */; };
		9CF8F84D1A24B440009A224E /* AFHTTPRequestOperation.m in Sources */ = {isa = PBXBuildFile; fileRef = 9CF8F83B1A24B440009A224E /* AFHTTPRequestOperation.m */; };
		9CF8F84E1A24B440009A224E /* AFHTTPRequestOperationManager.m in Sources */ = {isa = PBXBuildFile; fileRef = 9CF8F83D1A24B440009A224E /* AFHTTPRequestOperationManager.m */; };
		9CF8F84F1A24B440009A224E /* AFHTTPSessionManager.m in Sources */ = {isa = PBXBuildFile; fileRef = 9CF8F83F1A24B440009A224E /* AFHTTPSessionManager.m */; };
		9CF8F8501A24B440009A224E /* AFNetworkReachabilityManager.m in Sources */ = {isa = PBXBuildFile; fileRef = 9CF8F8421A24B440009A224E /* AFNetworkReachabilityManager.m */; };
		9CF8F8511A24B440009A224E /* AFSecurityPolicy.m in Sources */ = {isa = PBXBuildFile; fileRef = 9CF8F8441A24B440009A224E /* AFSecurityPolicy.m */; };
		9CF8F8521A24B440009A224E /* AFURLConnectionOperation.m in Sources */ = {isa = PBXBuildFile; fileRef = 9CF8F8461A24B440009A224E /* AFURLConnectionOperation.m */; };
		9CF8F8531A24B440009A224E /* AFURLRequestSerialization.m in Sources */ = {isa = PBXBuildFile; fileRef = 9CF8F8481A24B440009A224E /* AFURLRequestSerialization.m */; };
		9CF8F8541A24B440009A224E /* AFURLResponseSerialization.m in Sources */ = {isa = PBXBuildFile; fileRef = 9CF8F84A1A24B440009A224E /* AFURLResponseSerialization.m */; };
		9CF8F8551A24B440009A224E /* AFURLSessionManager.m in Sources */ = {isa = PBXBuildFile; fileRef = 9CF8F84C1A24B440009A224E /* AFURLSessionManager.m */; };
		9CF8F8581A24B4BC009A224E /* VelibAPIClient.m in Sources */ = {isa = PBXBuildFile; fileRef = 9CF8F8571A24B4BC009A224E /* VelibAPIClient.m */; };
		9CF8F85A1A24C2AB009A224E /* SystemConfiguration.framework in Frameworks */ = {isa = PBXBuildFile; fileRef = 9CF8F8591A24C2AB009A224E /* SystemConfiguration.framework */; };
		9CF8F85E1A24D471009A224E /* Localizable.strings in Resources */ = {isa = PBXBuildFile; fileRef = 9CF8F85C1A24D471009A224E /* Localizable.strings */; };
		9CFA201E1A1A44FA0077C590 /* main.m in Sources */ = {isa = PBXBuildFile; fileRef = 9CFA201D1A1A44FA0077C590 /* main.m */; };
		9CFA20211A1A44FA0077C590 /* AppDelegate.m in Sources */ = {isa = PBXBuildFile; fileRef = 9CFA20201A1A44FA0077C590 /* AppDelegate.m */; };
		9CFA20271A1A44FA0077C590 /* Main.storyboard in Resources */ = {isa = PBXBuildFile; fileRef = 9CFA20251A1A44FA0077C590 /* Main.storyboard */; };
		9CFA20291A1A44FA0077C590 /* Images.xcassets in Resources */ = {isa = PBXBuildFile; fileRef = 9CFA20281A1A44FA0077C590 /* Images.xcassets */; };
		9CFA202C1A1A44FA0077C590 /* LaunchScreen.xib in Resources */ = {isa = PBXBuildFile; fileRef = 9CFA202A1A1A44FA0077C590 /* LaunchScreen.xib */; };
		9CFA20381A1A44FA0077C590 /* VelibAppTests.m in Sources */ = {isa = PBXBuildFile; fileRef = 9CFA20371A1A44FA0077C590 /* VelibAppTests.m */; };
		9CFA204C1A1A45F50077C590 /* StationDetailViewController.m in Sources */ = {isa = PBXBuildFile; fileRef = 9CFA20491A1A45F50077C590 /* StationDetailViewController.m */; };
		9CFA204D1A1A45F50077C590 /* StationsListViewController.m in Sources */ = {isa = PBXBuildFile; fileRef = 9CFA204B1A1A45F50077C590 /* StationsListViewController.m */; };
		9CFA20501A1A47570077C590 /* MapViewController.m in Sources */ = {isa = PBXBuildFile; fileRef = 9CFA204F1A1A47570077C590 /* MapViewController.m */; };
		9CFA20531A1A48470077C590 /* InfosViewController.m in Sources */ = {isa = PBXBuildFile; fileRef = 9CFA20521A1A48470077C590 /* InfosViewController.m */; };
		9CFA20551A1A48CE0077C590 /* MapKit.framework in Frameworks */ = {isa = PBXBuildFile; fileRef = 9CFA20541A1A48CE0077C590 /* MapKit.framework */; };
		9CFA20591A1A53CD0077C590 /* StationTableViewCell.m in Sources */ = {isa = PBXBuildFile; fileRef = 9CFA20581A1A53CD0077C590 /* StationTableViewCell.m */; };
/* End PBXBuildFile section */

/* Begin PBXContainerItemProxy section */
		9CFA20321A1A44FA0077C590 /* PBXContainerItemProxy */ = {
			isa = PBXContainerItemProxy;
			containerPortal = 9CFA20101A1A44FA0077C590 /* Project object */;
			proxyType = 1;
			remoteGlobalIDString = 9CFA20171A1A44FA0077C590;
			remoteInfo = VelibApp;
		};
/* End PBXContainerItemProxy section */

/* Begin PBXFileReference section */
		36906AA61A1CAB9C00F3E122 /* MaMaison.gpx */ = {isa = PBXFileReference; fileEncoding = 4; lastKnownFileType = text.xml; path = MaMaison.gpx; sourceTree = "<group>"; };
		9C077D3D1A232C7900F41D7F /* MKAnnotationView+WebCache.h */ = {isa = PBXFileReference; fileEncoding = 4; lastKnownFileType = sourcecode.c.h; path = "MKAnnotationView+WebCache.h"; sourceTree = "<group>"; };
		9C077D3E1A232C7900F41D7F /* MKAnnotationView+WebCache.m */ = {isa = PBXFileReference; fileEncoding = 4; lastKnownFileType = sourcecode.c.objc; path = "MKAnnotationView+WebCache.m"; sourceTree = "<group>"; };
		9C077D3F1A232C7900F41D7F /* NSData+ImageContentType.h */ = {isa = PBXFileReference; fileEncoding = 4; lastKnownFileType = sourcecode.c.h; path = "NSData+ImageContentType.h"; sourceTree = "<group>"; };
		9C077D401A232C7900F41D7F /* NSData+ImageContentType.m */ = {isa = PBXFileReference; fileEncoding = 4; lastKnownFileType = sourcecode.c.objc; path = "NSData+ImageContentType.m"; sourceTree = "<group>"; };
		9C077D411A232C7900F41D7F /* SDImageCache.h */ = {isa = PBXFileReference; fileEncoding = 4; lastKnownFileType = sourcecode.c.h; path = SDImageCache.h; sourceTree = "<group>"; };
		9C077D421A232C7900F41D7F /* SDImageCache.m */ = {isa = PBXFileReference; fileEncoding = 4; lastKnownFileType = sourcecode.c.objc; path = SDImageCache.m; sourceTree = "<group>"; };
		9C077D431A232C7900F41D7F /* SDWebImageCompat.h */ = {isa = PBXFileReference; fileEncoding = 4; lastKnownFileType = sourcecode.c.h; path = SDWebImageCompat.h; sourceTree = "<group>"; };
		9C077D441A232C7900F41D7F /* SDWebImageCompat.m */ = {isa = PBXFileReference; fileEncoding = 4; lastKnownFileType = sourcecode.c.objc; path = SDWebImageCompat.m; sourceTree = "<group>"; };
		9C077D451A232C7900F41D7F /* SDWebImageDecoder.h */ = {isa = PBXFileReference; fileEncoding = 4; lastKnownFileType = sourcecode.c.h; path = SDWebImageDecoder.h; sourceTree = "<group>"; };
		9C077D461A232C7900F41D7F /* SDWebImageDecoder.m */ = {isa = PBXFileReference; fileEncoding = 4; lastKnownFileType = sourcecode.c.objc; path = SDWebImageDecoder.m; sourceTree = "<group>"; };
		9C077D471A232C7900F41D7F /* SDWebImageDownloader.h */ = {isa = PBXFileReference; fileEncoding = 4; lastKnownFileType = sourcecode.c.h; path = SDWebImageDownloader.h; sourceTree = "<group>"; };
		9C077D481A232C7900F41D7F /* SDWebImageDownloader.m */ = {isa = PBXFileReference; fileEncoding = 4; lastKnownFileType = sourcecode.c.objc; path = SDWebImageDownloader.m; sourceTree = "<group>"; };
		9C077D491A232C7900F41D7F /* SDWebImageDownloaderOperation.h */ = {isa = PBXFileReference; fileEncoding = 4; lastKnownFileType = sourcecode.c.h; path = SDWebImageDownloaderOperation.h; sourceTree = "<group>"; };
		9C077D4A1A232C7900F41D7F /* SDWebImageDownloaderOperation.m */ = {isa = PBXFileReference; fileEncoding = 4; lastKnownFileType = sourcecode.c.objc; path = SDWebImageDownloaderOperation.m; sourceTree = "<group>"; };
		9C077D4B1A232C7900F41D7F /* SDWebImageManager.h */ = {isa = PBXFileReference; fileEncoding = 4; lastKnownFileType = sourcecode.c.h; path = SDWebImageManager.h; sourceTree = "<group>"; };
		9C077D4C1A232C7900F41D7F /* SDWebImageManager.m */ = {isa = PBXFileReference; fileEncoding = 4; lastKnownFileType = sourcecode.c.objc; path = SDWebImageManager.m; sourceTree = "<group>"; };
		9C077D4D1A232C7900F41D7F /* SDWebImageOperation.h */ = {isa = PBXFileReference; fileEncoding = 4; lastKnownFileType = sourcecode.c.h; path = SDWebImageOperation.h; sourceTree = "<group>"; };
		9C077D4E1A232C7900F41D7F /* SDWebImagePrefetcher.h */ = {isa = PBXFileReference; fileEncoding = 4; lastKnownFileType = sourcecode.c.h; path = SDWebImagePrefetcher.h; sourceTree = "<group>"; };
		9C077D4F1A232C7900F41D7F /* SDWebImagePrefetcher.m */ = {isa = PBXFileReference; fileEncoding = 4; lastKnownFileType = sourcecode.c.objc; path = SDWebImagePrefetcher.m; sourceTree = "<group>"; };
		9C077D501A232C7900F41D7F /* UIButton+WebCache.h */ = {isa = PBXFileReference; fileEncoding = 4; lastKnownFileType = sourcecode.c.h; path = "UIButton+WebCache.h"; sourceTree = "<group>"; };
		9C077D511A232C7900F41D7F /* UIButton+WebCache.m */ = {isa = PBXFileReference; fileEncoding = 4; lastKnownFileType = sourcecode.c.objc; path = "UIButton+WebCache.m"; sourceTree = "<group>"; };
		9C077D521A232C7900F41D7F /* UIImage+GIF.h */ = {isa = PBXFileReference; fileEncoding = 4; lastKnownFileType = sourcecode.c.h; path = "UIImage+GIF.h"; sourceTree = "<group>"; };
		9C077D531A232C7900F41D7F /* UIImage+GIF.m */ = {isa = PBXFileReference; fileEncoding = 4; lastKnownFileType = sourcecode.c.objc; path = "UIImage+GIF.m"; sourceTree = "<group>"; };
		9C077D541A232C7900F41D7F /* UIImage+MultiFormat.h */ = {isa = PBXFileReference; fileEncoding = 4; lastKnownFileType = sourcecode.c.h; path = "UIImage+MultiFormat.h"; sourceTree = "<group>"; };
		9C077D551A232C7900F41D7F /* UIImage+MultiFormat.m */ = {isa = PBXFileReference; fileEncoding = 4; lastKnownFileType = sourcecode.c.objc; path = "UIImage+MultiFormat.m"; sourceTree = "<group>"; };
		9C077D561A232C7900F41D7F /* UIImage+WebP.h */ = {isa = PBXFileReference; fileEncoding = 4; lastKnownFileType = sourcecode.c.h; path = "UIImage+WebP.h"; sourceTree = "<group>"; };
		9C077D571A232C7900F41D7F /* UIImage+WebP.m */ = {isa = PBXFileReference; fileEncoding = 4; lastKnownFileType = sourcecode.c.objc; path = "UIImage+WebP.m"; sourceTree = "<group>"; };
		9C077D581A232C7900F41D7F /* UIImageView+HighlightedWebCache.h */ = {isa = PBXFileReference; fileEncoding = 4; lastKnownFileType = sourcecode.c.h; path = "UIImageView+HighlightedWebCache.h"; sourceTree = "<group>"; };
		9C077D591A232C7900F41D7F /* UIImageView+HighlightedWebCache.m */ = {isa = PBXFileReference; fileEncoding = 4; lastKnownFileType = sourcecode.c.objc; path = "UIImageView+HighlightedWebCache.m"; sourceTree = "<group>"; };
		9C077D5A1A232C7900F41D7F /* UIImageView+WebCache.h */ = {isa = PBXFileReference; fileEncoding = 4; lastKnownFileType = sourcecode.c.h; path = "UIImageView+WebCache.h"; sourceTree = "<group>"; };
		9C077D5B1A232C7900F41D7F /* UIImageView+WebCache.m */ = {isa = PBXFileReference; fileEncoding = 4; lastKnownFileType = sourcecode.c.objc; path = "UIImageView+WebCache.m"; sourceTree = "<group>"; };
		9C077D5C1A232C7900F41D7F /* UIView+WebCacheOperation.h */ = {isa = PBXFileReference; fileEncoding = 4; lastKnownFileType = sourcecode.c.h; path = "UIView+WebCacheOperation.h"; sourceTree = "<group>"; };
		9C077D5D1A232C7900F41D7F /* UIView+WebCacheOperation.m */ = {isa = PBXFileReference; fileEncoding = 4; lastKnownFileType = sourcecode.c.objc; path = "UIView+WebCacheOperation.m"; sourceTree = "<group>"; };
		9C077DA61A2341C700F41D7F /* CoreData.framework */ = {isa = PBXFileReference; lastKnownFileType = wrapper.framework; name = CoreData.framework; path = System/Library/Frameworks/CoreData.framework; sourceTree = SDKROOT; };
		9C077DA91A23425300F41D7F /* VelibApp.xcdatamodel */ = {isa = PBXFileReference; lastKnownFileType = wrapper.xcdatamodel; path = VelibApp.xcdatamodel; sourceTree = "<group>"; };
		9C077DAE1A2347E200F41D7F /* Station+AddOn.h */ = {isa = PBXFileReference; fileEncoding = 4; lastKnownFileType = sourcecode.c.h; path = "Station+AddOn.h"; sourceTree = "<group>"; };
		9C077DAF1A2347E200F41D7F /* Station+AddOn.m */ = {isa = PBXFileReference; fileEncoding = 4; lastKnownFileType = sourcecode.c.objc; path = "Station+AddOn.m"; sourceTree = "<group>"; };
		9C077DB11A2387F500F41D7F /* GenericObject.h */ = {isa = PBXFileReference; fileEncoding = 4; lastKnownFileType = sourcecode.c.h; path = GenericObject.h; sourceTree = "<group>"; };
		9C077DB21A2387F500F41D7F /* GenericObject.m */ = {isa = PBXFileReference; fileEncoding = 4; lastKnownFileType = sourcecode.c.objc; path = GenericObject.m; sourceTree = "<group>"; };
		9C077DBA1A238BCA00F41D7F /* Station.h */ = {isa = PBXFileReference; fileEncoding = 4; lastKnownFileType = sourcecode.c.h; path = Station.h; sourceTree = "<group>"; };
		9C077DBB1A238BCA00F41D7F /* Station.m */ = {isa = PBXFileReference; fileEncoding = 4; lastKnownFileType = sourcecode.c.objc; path = Station.m; sourceTree = "<group>"; };
		9C077DBD1A238BCA00F41D7F /* User.h */ = {isa = PBXFileReference; fileEncoding = 4; lastKnownFileType = sourcecode.c.h; path = User.h; sourceTree = "<group>"; };
		9C077DBE1A238BCA00F41D7F /* User.m */ = {isa = PBXFileReference; fileEncoding = 4; lastKnownFileType = sourcecode.c.objc; path = User.m; sourceTree = "<group>"; };
		9C2BD1B61A26126B00821590 /* Settings.bundle */ = {isa = PBXFileReference; lastKnownFileType = "wrapper.plug-in"; path = Settings.bundle; sourceTree = "<group>"; };
		9C35718B1A1CE6D200F758E2 /* StationService.h */ = {isa = PBXFileReference; fileEncoding = 4; lastKnownFileType = sourcecode.c.h; path = StationService.h; sourceTree = "<group>"; };
		9C35718C1A1CE6D200F758E2 /* StationService.m */ = {isa = PBXFileReference; fileEncoding = 4; lastKnownFileType = sourcecode.c.objc; path = StationService.m; sourceTree = "<group>"; };
		9C35718E1A1CE71E00F758E2 /* ServicesDefines.h */ = {isa = PBXFileReference; lastKnownFileType = sourcecode.c.h; path = ServicesDefines.h; sourceTree = "<group>"; };
		9C3AF5D31A1A7C8700297BD5 /* PageViewController.h */ = {isa = PBXFileReference; fileEncoding = 4; lastKnownFileType = sourcecode.c.h; path = PageViewController.h; sourceTree = "<group>"; };
		9C3AF5D41A1A7C8700297BD5 /* PageViewController.m */ = {isa = PBXFileReference; fileEncoding = 4; lastKnownFileType = sourcecode.c.objc; path = PageViewController.m; sourceTree = "<group>"; };
		9C99166E1A24788500B1472C /* GenericObject+AddOn.h */ = {isa = PBXFileReference; fileEncoding = 4; lastKnownFileType = sourcecode.c.h; path = "GenericObject+AddOn.h"; sourceTree = "<group>"; };
		9C99166F1A24788500B1472C /* GenericObject+AddOn.m */ = {isa = PBXFileReference; fileEncoding = 4; lastKnownFileType = sourcecode.c.objc; path = "GenericObject+AddOn.m"; sourceTree = "<group>"; };
		9C9916721A248DAD00B1472C /* VelibApp 2.xcdatamodel */ = {isa = PBXFileReference; lastKnownFileType = wrapper.xcdatamodel; path = "VelibApp 2.xcdatamodel"; sourceTree = "<group>"; };
		9CBE613D1A1A8C750030773B /* PageContentViewController.h */ = {isa = PBXFileReference; fileEncoding = 4; lastKnownFileType = sourcecode.c.h; path = PageContentViewController.h; sourceTree = "<group>"; };
		9CBE613E1A1A8C750030773B /* PageContentViewController.m */ = {isa = PBXFileReference; fileEncoding = 4; lastKnownFileType = sourcecode.c.objc; path = PageContentViewController.m; sourceTree = "<group>"; };
		9CC10E9A1A1B90F90043D745 /* StationAnnotation.h */ = {isa = PBXFileReference; fileEncoding = 4; lastKnownFileType = sourcecode.c.h; path = StationAnnotation.h; sourceTree = "<group>"; };
		9CC10E9B1A1B90F90043D745 /* StationAnnotation.m */ = {isa = PBXFileReference; fileEncoding = 4; lastKnownFileType = sourcecode.c.objc; path = StationAnnotation.m; sourceTree = "<group>"; };
		9CC10E9D1A1B92550043D745 /* CoreLocation.framework */ = {isa = PBXFileReference; lastKnownFileType = wrapper.framework; name = CoreLocation.framework; path = System/Library/Frameworks/CoreLocation.framework; sourceTree = SDKROOT; };
		9CF8F83A1A24B440009A224E /* AFHTTPRequestOperation.h */ = {isa = PBXFileReference; fileEncoding = 4; lastKnownFileType = sourcecode.c.h; path = AFHTTPRequestOperation.h; sourceTree = "<group>"; };
		9CF8F83B1A24B440009A224E /* AFHTTPRequestOperation.m */ = {isa = PBXFileReference; fileEncoding = 4; lastKnownFileType = sourcecode.c.objc; path = AFHTTPRequestOperation.m; sourceTree = "<group>"; };
		9CF8F83C1A24B440009A224E /* AFHTTPRequestOperationManager.h */ = {isa = PBXFileReference; fileEncoding = 4; lastKnownFileType = sourcecode.c.h; path = AFHTTPRequestOperationManager.h; sourceTree = "<group>"; };
		9CF8F83D1A24B440009A224E /* AFHTTPRequestOperationManager.m */ = {isa = PBXFileReference; fileEncoding = 4; lastKnownFileType = sourcecode.c.objc; path = AFHTTPRequestOperationManager.m; sourceTree = "<group>"; };
		9CF8F83E1A24B440009A224E /* AFHTTPSessionManager.h */ = {isa = PBXFileReference; fileEncoding = 4; lastKnownFileType = sourcecode.c.h; path = AFHTTPSessionManager.h; sourceTree = "<group>"; };
		9CF8F83F1A24B440009A224E /* AFHTTPSessionManager.m */ = {isa = PBXFileReference; fileEncoding = 4; lastKnownFileType = sourcecode.c.objc; path = AFHTTPSessionManager.m; sourceTree = "<group>"; };
		9CF8F8401A24B440009A224E /* AFNetworking.h */ = {isa = PBXFileReference; fileEncoding = 4; lastKnownFileType = sourcecode.c.h; path = AFNetworking.h; sourceTree = "<group>"; };
		9CF8F8411A24B440009A224E /* AFNetworkReachabilityManager.h */ = {isa = PBXFileReference; fileEncoding = 4; lastKnownFileType = sourcecode.c.h; path = AFNetworkReachabilityManager.h; sourceTree = "<group>"; };
		9CF8F8421A24B440009A224E /* AFNetworkReachabilityManager.m */ = {isa = PBXFileReference; fileEncoding = 4; lastKnownFileType = sourcecode.c.objc; path = AFNetworkReachabilityManager.m; sourceTree = "<group>"; };
		9CF8F8431A24B440009A224E /* AFSecurityPolicy.h */ = {isa = PBXFileReference; fileEncoding = 4; lastKnownFileType = sourcecode.c.h; path = AFSecurityPolicy.h; sourceTree = "<group>"; };
		9CF8F8441A24B440009A224E /* AFSecurityPolicy.m */ = {isa = PBXFileReference; fileEncoding = 4; lastKnownFileType = sourcecode.c.objc; path = AFSecurityPolicy.m; sourceTree = "<group>"; };
		9CF8F8451A24B440009A224E /* AFURLConnectionOperation.h */ = {isa = PBXFileReference; fileEncoding = 4; lastKnownFileType = sourcecode.c.h; path = AFURLConnectionOperation.h; sourceTree = "<group>"; };
		9CF8F8461A24B440009A224E /* AFURLConnectionOperation.m */ = {isa = PBXFileReference; fileEncoding = 4; lastKnownFileType = sourcecode.c.objc; path = AFURLConnectionOperation.m; sourceTree = "<group>"; };
		9CF8F8471A24B440009A224E /* AFURLRequestSerialization.h */ = {isa = PBXFileReference; fileEncoding = 4; lastKnownFileType = sourcecode.c.h; path = AFURLRequestSerialization.h; sourceTree = "<group>"; };
		9CF8F8481A24B440009A224E /* AFURLRequestSerialization.m */ = {isa = PBXFileReference; fileEncoding = 4; lastKnownFileType = sourcecode.c.objc; path = AFURLRequestSerialization.m; sourceTree = "<group>"; };
		9CF8F8491A24B440009A224E /* AFURLResponseSerialization.h */ = {isa = PBXFileReference; fileEncoding = 4; lastKnownFileType = sourcecode.c.h; path = AFURLResponseSerialization.h; sourceTree = "<group>"; };
		9CF8F84A1A24B440009A224E /* AFURLResponseSerialization.m */ = {isa = PBXFileReference; fileEncoding = 4; lastKnownFileType = sourcecode.c.objc; path = AFURLResponseSerialization.m; sourceTree = "<group>"; };
		9CF8F84B1A24B440009A224E /* AFURLSessionManager.h */ = {isa = PBXFileReference; fileEncoding = 4; lastKnownFileType = sourcecode.c.h; path = AFURLSessionManager.h; sourceTree = "<group>"; };
		9CF8F84C1A24B440009A224E /* AFURLSessionManager.m */ = {isa = PBXFileReference; fileEncoding = 4; lastKnownFileType = sourcecode.c.objc; path = AFURLSessionManager.m; sourceTree = "<group>"; };
		9CF8F8561A24B4BC009A224E /* VelibAPIClient.h */ = {isa = PBXFileReference; fileEncoding = 4; lastKnownFileType = sourcecode.c.h; path = VelibAPIClient.h; sourceTree = "<group>"; };
		9CF8F8571A24B4BC009A224E /* VelibAPIClient.m */ = {isa = PBXFileReference; fileEncoding = 4; lastKnownFileType = sourcecode.c.objc; path = VelibAPIClient.m; sourceTree = "<group>"; };
		9CF8F8591A24C2AB009A224E /* SystemConfiguration.framework */ = {isa = PBXFileReference; lastKnownFileType = wrapper.framework; name = SystemConfiguration.framework; path = System/Library/Frameworks/SystemConfiguration.framework; sourceTree = SDKROOT; };
		9CF8F85B1A24D3D2009A224E /* fr */ = {isa = PBXFileReference; lastKnownFileType = text.plist.strings; name = fr; path = fr.lproj/LaunchScreen.strings; sourceTree = "<group>"; };
		9CF8F85D1A24D471009A224E /* en */ = {isa = PBXFileReference; lastKnownFileType = text.plist.strings; name = en; path = en.lproj/Localizable.strings; sourceTree = "<group>"; };
		9CF8F85F1A24D476009A224E /* fr */ = {isa = PBXFileReference; lastKnownFileType = text.plist.strings; name = fr; path = fr.lproj/Localizable.strings; sourceTree = "<group>"; };
		9CFA20181A1A44FA0077C590 /* VelibApp.app */ = {isa = PBXFileReference; explicitFileType = wrapper.application; includeInIndex = 0; path = VelibApp.app; sourceTree = BUILT_PRODUCTS_DIR; };
		9CFA201C1A1A44FA0077C590 /* Info.plist */ = {isa = PBXFileReference; lastKnownFileType = text.plist.xml; path = Info.plist; sourceTree = "<group>"; };
		9CFA201D1A1A44FA0077C590 /* main.m */ = {isa = PBXFileReference; lastKnownFileType = sourcecode.c.objc; path = main.m; sourceTree = "<group>"; };
		9CFA201F1A1A44FA0077C590 /* AppDelegate.h */ = {isa = PBXFileReference; lastKnownFileType = sourcecode.c.h; path = AppDelegate.h; sourceTree = "<group>"; };
		9CFA20201A1A44FA0077C590 /* AppDelegate.m */ = {isa = PBXFileReference; lastKnownFileType = sourcecode.c.objc; path = AppDelegate.m; sourceTree = "<group>"; };
		9CFA20261A1A44FA0077C590 /* Base */ = {isa = PBXFileReference; lastKnownFileType = file.storyboard; name = Base; path = Base.lproj/Main.storyboard; sourceTree = "<group>"; };
		9CFA20281A1A44FA0077C590 /* Images.xcassets */ = {isa = PBXFileReference; lastKnownFileType = folder.assetcatalog; path = Images.xcassets; sourceTree = "<group>"; };
		9CFA202B1A1A44FA0077C590 /* Base */ = {isa = PBXFileReference; lastKnownFileType = file.xib; name = Base; path = Base.lproj/LaunchScreen.xib; sourceTree = "<group>"; };
		9CFA20311A1A44FA0077C590 /* VelibAppTests.xctest */ = {isa = PBXFileReference; explicitFileType = wrapper.cfbundle; includeInIndex = 0; path = VelibAppTests.xctest; sourceTree = BUILT_PRODUCTS_DIR; };
		9CFA20361A1A44FA0077C590 /* Info.plist */ = {isa = PBXFileReference; lastKnownFileType = text.plist.xml; path = Info.plist; sourceTree = "<group>"; };
		9CFA20371A1A44FA0077C590 /* VelibAppTests.m */ = {isa = PBXFileReference; lastKnownFileType = sourcecode.c.objc; path = VelibAppTests.m; sourceTree = "<group>"; };
		9CFA20481A1A45F50077C590 /* StationDetailViewController.h */ = {isa = PBXFileReference; fileEncoding = 4; lastKnownFileType = sourcecode.c.h; path = StationDetailViewController.h; sourceTree = "<group>"; };
		9CFA20491A1A45F50077C590 /* StationDetailViewController.m */ = {isa = PBXFileReference; fileEncoding = 4; lastKnownFileType = sourcecode.c.objc; path = StationDetailViewController.m; sourceTree = "<group>"; };
		9CFA204A1A1A45F50077C590 /* StationsListViewController.h */ = {isa = PBXFileReference; fileEncoding = 4; lastKnownFileType = sourcecode.c.h; path = StationsListViewController.h; sourceTree = "<group>"; };
		9CFA204B1A1A45F50077C590 /* StationsListViewController.m */ = {isa = PBXFileReference; fileEncoding = 4; lastKnownFileType = sourcecode.c.objc; path = StationsListViewController.m; sourceTree = "<group>"; };
		9CFA204E1A1A47570077C590 /* MapViewController.h */ = {isa = PBXFileReference; fileEncoding = 4; lastKnownFileType = sourcecode.c.h; path = MapViewController.h; sourceTree = "<group>"; };
		9CFA204F1A1A47570077C590 /* MapViewController.m */ = {isa = PBXFileReference; fileEncoding = 4; lastKnownFileType = sourcecode.c.objc; path = MapViewController.m; sourceTree = "<group>"; };
		9CFA20511A1A48470077C590 /* InfosViewController.h */ = {isa = PBXFileReference; fileEncoding = 4; lastKnownFileType = sourcecode.c.h; path = InfosViewController.h; sourceTree = "<group>"; };
		9CFA20521A1A48470077C590 /* InfosViewController.m */ = {isa = PBXFileReference; fileEncoding = 4; lastKnownFileType = sourcecode.c.objc; path = InfosViewController.m; sourceTree = "<group>"; };
		9CFA20541A1A48CE0077C590 /* MapKit.framework */ = {isa = PBXFileReference; lastKnownFileType = wrapper.framework; name = MapKit.framework; path = System/Library/Frameworks/MapKit.framework; sourceTree = SDKROOT; };
		9CFA20571A1A53CD0077C590 /* StationTableViewCell.h */ = {isa = PBXFileReference; fileEncoding = 4; lastKnownFileType = sourcecode.c.h; path = StationTableViewCell.h; sourceTree = "<group>"; };
		9CFA20581A1A53CD0077C590 /* StationTableViewCell.m */ = {isa = PBXFileReference; fileEncoding = 4; lastKnownFileType = sourcecode.c.objc; path = StationTableViewCell.m; sourceTree = "<group>"; };
/* End PBXFileReference section */

/* Begin PBXFrameworksBuildPhase section */
		9CFA20151A1A44FA0077C590 /* Frameworks */ = {
			isa = PBXFrameworksBuildPhase;
			buildActionMask = 2147483647;
			files = (
				9CF8F85A1A24C2AB009A224E /* SystemConfiguration.framework in Frameworks */,
				9C077DA71A2341C700F41D7F /* CoreData.framework in Frameworks */,
				9CC10E9E1A1B92550043D745 /* CoreLocation.framework in Frameworks */,
				9CFA20551A1A48CE0077C590 /* MapKit.framework in Frameworks */,
			);
			runOnlyForDeploymentPostprocessing = 0;
		};
		9CFA202E1A1A44FA0077C590 /* Frameworks */ = {
			isa = PBXFrameworksBuildPhase;
			buildActionMask = 2147483647;
			files = (
			);
			runOnlyForDeploymentPostprocessing = 0;
		};
/* End PBXFrameworksBuildPhase section */

/* Begin PBXGroup section */
		9C077D3B1A232C7900F41D7F /* Lib */ = {
			isa = PBXGroup;
			children = (
				9CF8F8391A24B440009A224E /* AFNetworking */,
				9C077D3C1A232C7900F41D7F /* SDWebImage */,
			);
			path = Lib;
			sourceTree = "<group>";
		};
		9C077D3C1A232C7900F41D7F /* SDWebImage */ = {
			isa = PBXGroup;
			children = (
				9C077D3D1A232C7900F41D7F /* MKAnnotationView+WebCache.h */,
				9C077D3E1A232C7900F41D7F /* MKAnnotationView+WebCache.m */,
				9C077D3F1A232C7900F41D7F /* NSData+ImageContentType.h */,
				9C077D401A232C7900F41D7F /* NSData+ImageContentType.m */,
				9C077D411A232C7900F41D7F /* SDImageCache.h */,
				9C077D421A232C7900F41D7F /* SDImageCache.m */,
				9C077D431A232C7900F41D7F /* SDWebImageCompat.h */,
				9C077D441A232C7900F41D7F /* SDWebImageCompat.m */,
				9C077D451A232C7900F41D7F /* SDWebImageDecoder.h */,
				9C077D461A232C7900F41D7F /* SDWebImageDecoder.m */,
				9C077D471A232C7900F41D7F /* SDWebImageDownloader.h */,
				9C077D481A232C7900F41D7F /* SDWebImageDownloader.m */,
				9C077D491A232C7900F41D7F /* SDWebImageDownloaderOperation.h */,
				9C077D4A1A232C7900F41D7F /* SDWebImageDownloaderOperation.m */,
				9C077D4B1A232C7900F41D7F /* SDWebImageManager.h */,
				9C077D4C1A232C7900F41D7F /* SDWebImageManager.m */,
				9C077D4D1A232C7900F41D7F /* SDWebImageOperation.h */,
				9C077D4E1A232C7900F41D7F /* SDWebImagePrefetcher.h */,
				9C077D4F1A232C7900F41D7F /* SDWebImagePrefetcher.m */,
				9C077D501A232C7900F41D7F /* UIButton+WebCache.h */,
				9C077D511A232C7900F41D7F /* UIButton+WebCache.m */,
				9C077D521A232C7900F41D7F /* UIImage+GIF.h */,
				9C077D531A232C7900F41D7F /* UIImage+GIF.m */,
				9C077D541A232C7900F41D7F /* UIImage+MultiFormat.h */,
				9C077D551A232C7900F41D7F /* UIImage+MultiFormat.m */,
				9C077D561A232C7900F41D7F /* UIImage+WebP.h */,
				9C077D571A232C7900F41D7F /* UIImage+WebP.m */,
				9C077D581A232C7900F41D7F /* UIImageView+HighlightedWebCache.h */,
				9C077D591A232C7900F41D7F /* UIImageView+HighlightedWebCache.m */,
				9C077D5A1A232C7900F41D7F /* UIImageView+WebCache.h */,
				9C077D5B1A232C7900F41D7F /* UIImageView+WebCache.m */,
				9C077D5C1A232C7900F41D7F /* UIView+WebCacheOperation.h */,
				9C077D5D1A232C7900F41D7F /* UIView+WebCacheOperation.m */,
			);
			path = SDWebImage;
			sourceTree = "<group>";
		};
		9C3571871A1CE67600F758E2 /* Services */ = {
			isa = PBXGroup;
			children = (
				9C35718B1A1CE6D200F758E2 /* StationService.h */,
				9C35718C1A1CE6D200F758E2 /* StationService.m */,
				9C35718E1A1CE71E00F758E2 /* ServicesDefines.h */,
				9CF8F8561A24B4BC009A224E /* VelibAPIClient.h */,
				9CF8F8571A24B4BC009A224E /* VelibAPIClient.m */,
			);
			path = Services;
			sourceTree = "<group>";
		};
		9C9916711A24792A00B1472C /* Categories */ = {
			isa = PBXGroup;
			children = (
				9C077DAE1A2347E200F41D7F /* Station+AddOn.h */,
				9C077DAF1A2347E200F41D7F /* Station+AddOn.m */,
				9C99166E1A24788500B1472C /* GenericObject+AddOn.h */,
				9C99166F1A24788500B1472C /* GenericObject+AddOn.m */,
			);
			name = Categories;
			sourceTree = "<group>";
		};
		9CC10E921A1B61F80043D745 /* Models */ = {
			isa = PBXGroup;
			children = (
				9C9916711A24792A00B1472C /* Categories */,
				9C077DBD1A238BCA00F41D7F /* User.h */,
				9C077DBE1A238BCA00F41D7F /* User.m */,
				9C077DBA1A238BCA00F41D7F /* Station.h */,
				9C077DBB1A238BCA00F41D7F /* Station.m */,
				9C077DB11A2387F500F41D7F /* GenericObject.h */,
				9C077DB21A2387F500F41D7F /* GenericObject.m */,
				9C077DA81A23425300F41D7F /* VelibApp.xcdatamodeld */,
			);
			path = Models;
			sourceTree = "<group>";
		};
		9CC10E961A1B90C90043D745 /* Annotations */ = {
			isa = PBXGroup;
			children = (
				9CC10E9A1A1B90F90043D745 /* StationAnnotation.h */,
				9CC10E9B1A1B90F90043D745 /* StationAnnotation.m */,
			);
			path = Annotations;
			sourceTree = "<group>";
		};
		9CF8F8391A24B440009A224E /* AFNetworking */ = {
			isa = PBXGroup;
			children = (
				9CF8F83A1A24B440009A224E /* AFHTTPRequestOperation.h */,
				9CF8F83B1A24B440009A224E /* AFHTTPRequestOperation.m */,
				9CF8F83C1A24B440009A224E /* AFHTTPRequestOperationManager.h */,
				9CF8F83D1A24B440009A224E /* AFHTTPRequestOperationManager.m */,
				9CF8F83E1A24B440009A224E /* AFHTTPSessionManager.h */,
				9CF8F83F1A24B440009A224E /* AFHTTPSessionManager.m */,
				9CF8F8401A24B440009A224E /* AFNetworking.h */,
				9CF8F8411A24B440009A224E /* AFNetworkReachabilityManager.h */,
				9CF8F8421A24B440009A224E /* AFNetworkReachabilityManager.m */,
				9CF8F8431A24B440009A224E /* AFSecurityPolicy.h */,
				9CF8F8441A24B440009A224E /* AFSecurityPolicy.m */,
				9CF8F8451A24B440009A224E /* AFURLConnectionOperation.h */,
				9CF8F8461A24B440009A224E /* AFURLConnectionOperation.m */,
				9CF8F8471A24B440009A224E /* AFURLRequestSerialization.h */,
				9CF8F8481A24B440009A224E /* AFURLRequestSerialization.m */,
				9CF8F8491A24B440009A224E /* AFURLResponseSerialization.h */,
				9CF8F84A1A24B440009A224E /* AFURLResponseSerialization.m */,
				9CF8F84B1A24B440009A224E /* AFURLSessionManager.h */,
				9CF8F84C1A24B440009A224E /* AFURLSessionManager.m */,
			);
			path = AFNetworking;
			sourceTree = "<group>";
		};
		9CF8F8601A24D71C009A224E /* Frameworks */ = {
			isa = PBXGroup;
			children = (
				9CF8F8591A24C2AB009A224E /* SystemConfiguration.framework */,
				9C077DA61A2341C700F41D7F /* CoreData.framework */,
				9CC10E9D1A1B92550043D745 /* CoreLocation.framework */,
				9CFA20541A1A48CE0077C590 /* MapKit.framework */,
			);
			name = Frameworks;
			sourceTree = "<group>";
		};
		9CF8F8611A24D728009A224E /* Resources */ = {
			isa = PBXGroup;
			children = (
				9CF8F85C1A24D471009A224E /* Localizable.strings */,
			);
			name = Resources;
			sourceTree = "<group>";
		};
		9CFA200F1A1A44FA0077C590 = {
			isa = PBXGroup;
			children = (
				36906AA61A1CAB9C00F3E122 /* MaMaison.gpx */,
				9CFA201A1A1A44FA0077C590 /* VelibApp */,
				9CFA20341A1A44FA0077C590 /* VelibAppTests */,
				9CFA20191A1A44FA0077C590 /* Products */,
			);
			sourceTree = "<group>";
		};
		9CFA20191A1A44FA0077C590 /* Products */ = {
			isa = PBXGroup;
			children = (
				9CFA20181A1A44FA0077C590 /* VelibApp.app */,
				9CFA20311A1A44FA0077C590 /* VelibAppTests.xctest */,
			);
			name = Products;
			sourceTree = "<group>";
		};
		9CFA201A1A1A44FA0077C590 /* VelibApp */ = {
			isa = PBXGroup;
			children = (
				9C077D3B1A232C7900F41D7F /* Lib */,
				9C3571871A1CE67600F758E2 /* Services */,
				9CC10E961A1B90C90043D745 /* Annotations */,
				9CC10E921A1B61F80043D745 /* Models */,
				9CFA20561A1A53B70077C590 /* Cells */,
				9CFA20411A1A459D0077C590 /* ViewControllers */,
				9CFA201F1A1A44FA0077C590 /* AppDelegate.h */,
				9CFA20201A1A44FA0077C590 /* AppDelegate.m */,
				9CFA20251A1A44FA0077C590 /* Main.storyboard */,
				9CFA20281A1A44FA0077C590 /* Images.xcassets */,
				9CFA202A1A1A44FA0077C590 /* LaunchScreen.xib */,
				9CFA201B1A1A44FA0077C590 /* Supporting Files */,
				9C2BD1B61A26126B00821590 /* Settings.bundle */,
			);
			path = VelibApp;
			sourceTree = "<group>";
		};
		9CFA201B1A1A44FA0077C590 /* Supporting Files */ = {
			isa = PBXGroup;
			children = (
				9CF8F8611A24D728009A224E /* Resources */,
				9CF8F8601A24D71C009A224E /* Frameworks */,
				9CFA201C1A1A44FA0077C590 /* Info.plist */,
				9CFA201D1A1A44FA0077C590 /* main.m */,
			);
			name = "Supporting Files";
			sourceTree = "<group>";
		};
		9CFA20341A1A44FA0077C590 /* VelibAppTests */ = {
			isa = PBXGroup;
			children = (
				9CFA20371A1A44FA0077C590 /* VelibAppTests.m */,
				9CFA20351A1A44FA0077C590 /* Supporting Files */,
			);
			path = VelibAppTests;
			sourceTree = "<group>";
		};
		9CFA20351A1A44FA0077C590 /* Supporting Files */ = {
			isa = PBXGroup;
			children = (
				9CFA20361A1A44FA0077C590 /* Info.plist */,
			);
			name = "Supporting Files";
			sourceTree = "<group>";
		};
		9CFA20411A1A459D0077C590 /* ViewControllers */ = {
			isa = PBXGroup;
			children = (
				9CFA20481A1A45F50077C590 /* StationDetailViewController.h */,
				9CFA20491A1A45F50077C590 /* StationDetailViewController.m */,
				9CFA204A1A1A45F50077C590 /* StationsListViewController.h */,
				9CFA204B1A1A45F50077C590 /* StationsListViewController.m */,
				9CFA204E1A1A47570077C590 /* MapViewController.h */,
				9CFA204F1A1A47570077C590 /* MapViewController.m */,
				9CFA20511A1A48470077C590 /* InfosViewController.h */,
				9CFA20521A1A48470077C590 /* InfosViewController.m */,
				9CBE613D1A1A8C750030773B /* PageContentViewController.h */,
				9CBE613E1A1A8C750030773B /* PageContentViewController.m */,
				9C3AF5D31A1A7C8700297BD5 /* PageViewController.h */,
				9C3AF5D41A1A7C8700297BD5 /* PageViewController.m */,
			);
			path = ViewControllers;
			sourceTree = "<group>";
		};
		9CFA20561A1A53B70077C590 /* Cells */ = {
			isa = PBXGroup;
			children = (
				9CFA20571A1A53CD0077C590 /* StationTableViewCell.h */,
				9CFA20581A1A53CD0077C590 /* StationTableViewCell.m */,
			);
			path = Cells;
			sourceTree = "<group>";
		};
/* End PBXGroup section */

/* Begin PBXNativeTarget section */
		9CFA20171A1A44FA0077C590 /* VelibApp */ = {
			isa = PBXNativeTarget;
			buildConfigurationList = 9CFA203B1A1A44FA0077C590 /* Build configuration list for PBXNativeTarget "VelibApp" */;
			buildPhases = (
				9CFA20141A1A44FA0077C590 /* Sources */,
				9CFA20151A1A44FA0077C590 /* Frameworks */,
				9CFA20161A1A44FA0077C590 /* Resources */,
			);
			buildRules = (
			);
			dependencies = (
			);
			name = VelibApp;
			productName = VelibApp;
			productReference = 9CFA20181A1A44FA0077C590 /* VelibApp.app */;
			productType = "com.apple.product-type.application";
		};
		9CFA20301A1A44FA0077C590 /* VelibAppTests */ = {
			isa = PBXNativeTarget;
			buildConfigurationList = 9CFA203E1A1A44FA0077C590 /* Build configuration list for PBXNativeTarget "VelibAppTests" */;
			buildPhases = (
				9CFA202D1A1A44FA0077C590 /* Sources */,
				9CFA202E1A1A44FA0077C590 /* Frameworks */,
				9CFA202F1A1A44FA0077C590 /* Resources */,
			);
			buildRules = (
			);
			dependencies = (
				9CFA20331A1A44FA0077C590 /* PBXTargetDependency */,
			);
			name = VelibAppTests;
			productName = VelibAppTests;
			productReference = 9CFA20311A1A44FA0077C590 /* VelibAppTests.xctest */;
			productType = "com.apple.product-type.bundle.unit-test";
		};
/* End PBXNativeTarget section */

/* Begin PBXProject section */
		9CFA20101A1A44FA0077C590 /* Project object */ = {
			isa = PBXProject;
			attributes = {
				LastUpgradeCheck = 0610;
				ORGANIZATIONNAME = "Iman Zarrabian";
				TargetAttributes = {
					9CFA20171A1A44FA0077C590 = {
						CreatedOnToolsVersion = 6.1;
						SystemCapabilities = {
							com.apple.Maps.iOS = {
								enabled = 1;
							};
						};
					};
					9CFA20301A1A44FA0077C590 = {
						CreatedOnToolsVersion = 6.1;
						TestTargetID = 9CFA20171A1A44FA0077C590;
					};
				};
			};
			buildConfigurationList = 9CFA20131A1A44FA0077C590 /* Build configuration list for PBXProject "VelibApp" */;
			compatibilityVersion = "Xcode 3.2";
			developmentRegion = English;
			hasScannedForEncodings = 0;
			knownRegions = (
				en,
				Base,
				fr,
			);
			mainGroup = 9CFA200F1A1A44FA0077C590;
			productRefGroup = 9CFA20191A1A44FA0077C590 /* Products */;
			projectDirPath = "";
			projectRoot = "";
			targets = (
				9CFA20171A1A44FA0077C590 /* VelibApp */,
				9CFA20301A1A44FA0077C590 /* VelibAppTests */,
			);
		};
/* End PBXProject section */

/* Begin PBXResourcesBuildPhase section */
		9CFA20161A1A44FA0077C590 /* Resources */ = {
			isa = PBXResourcesBuildPhase;
			buildActionMask = 2147483647;
			files = (
				9CF8F85E1A24D471009A224E /* Localizable.strings in Resources */,
				9CFA20271A1A44FA0077C590 /* Main.storyboard in Resources */,
				9CFA202C1A1A44FA0077C590 /* LaunchScreen.xib in Resources */,
				36906AA71A1CAB9C00F3E122 /* MaMaison.gpx in Resources */,
				9C2BD1B71A26126B00821590 /* Settings.bundle in Resources */,
				9CFA20291A1A44FA0077C590 /* Images.xcassets in Resources */,
			);
			runOnlyForDeploymentPostprocessing = 0;
		};
		9CFA202F1A1A44FA0077C590 /* Resources */ = {
			isa = PBXResourcesBuildPhase;
			buildActionMask = 2147483647;
			files = (
			);
			runOnlyForDeploymentPostprocessing = 0;
		};
/* End PBXResourcesBuildPhase section */

/* Begin PBXSourcesBuildPhase section */
		9CFA20141A1A44FA0077C590 /* Sources */ = {
			isa = PBXSourcesBuildPhase;
			buildActionMask = 2147483647;
			files = (
				9CFA20531A1A48470077C590 /* InfosViewController.m in Sources */,
				9C077D6A1A232C7900F41D7F /* UIImage+WebP.m in Sources */,
				9CC10E9C1A1B90F90043D745 /* StationAnnotation.m in Sources */,
				9CF8F8551A24B440009A224E /* AFURLSessionManager.m in Sources */,
				9CF8F84F1A24B440009A224E /* AFHTTPSessionManager.m in Sources */,
				9CFA204C1A1A45F50077C590 /* StationDetailViewController.m in Sources */,
				9C9916701A24788500B1472C /* GenericObject+AddOn.m in Sources */,
				9CBE613F1A1A8C750030773B /* PageContentViewController.m in Sources */,
				9CF8F8531A24B440009A224E /* AFURLRequestSerialization.m in Sources */,
				9CFA20591A1A53CD0077C590 /* StationTableViewCell.m in Sources */,
				9CF8F8511A24B440009A224E /* AFSecurityPolicy.m in Sources */,
				9C077DBC1A238BCA00F41D7F /* Station.m in Sources */,
				9C3AF5D51A1A7C8700297BD5 /* PageViewController.m in Sources */,
				9C077D641A232C7900F41D7F /* SDWebImageDownloaderOperation.m in Sources */,
				9C35718D1A1CE6D200F758E2 /* StationService.m in Sources */,
				9CF8F8521A24B440009A224E /* AFURLConnectionOperation.m in Sources */,
				9C077D601A232C7900F41D7F /* SDImageCache.m in Sources */,
				9CFA20211A1A44FA0077C590 /* AppDelegate.m in Sources */,
				9C077D611A232C7900F41D7F /* SDWebImageCompat.m in Sources */,
				9C077DAA1A23425300F41D7F /* VelibApp.xcdatamodeld in Sources */,
				9C077D5F1A232C7900F41D7F /* NSData+ImageContentType.m in Sources */,
				9CFA20501A1A47570077C590 /* MapViewController.m in Sources */,
				9CF8F8581A24B4BC009A224E /* VelibAPIClient.m in Sources */,
				9C077DBF1A238BCA00F41D7F /* User.m in Sources */,
				9C077D651A232C7900F41D7F /* SDWebImageManager.m in Sources */,
				9C077D631A232C7900F41D7F /* SDWebImageDownloader.m in Sources */,
				9C077D6C1A232C7900F41D7F /* UIImageView+WebCache.m in Sources */,
				9C077D6B1A232C7900F41D7F /* UIImageView+HighlightedWebCache.m in Sources */,
				9C077D5E1A232C7900F41D7F /* MKAnnotationView+WebCache.m in Sources */,
				9C077D681A232C7900F41D7F /* UIImage+GIF.m in Sources */,
				9CFA201E1A1A44FA0077C590 /* main.m in Sources */,
				9C077D661A232C7900F41D7F /* SDWebImagePrefetcher.m in Sources */,
				9C077D671A232C7900F41D7F /* UIButton+WebCache.m in Sources */,
				9C077D691A232C7900F41D7F /* UIImage+MultiFormat.m in Sources */,
				9C077D621A232C7900F41D7F /* SDWebImageDecoder.m in Sources */,
				9C077DB01A2347E200F41D7F /* Station+AddOn.m in Sources */,
				9C077D6D1A232C7900F41D7F /* UIView+WebCacheOperation.m in Sources */,
				9CF8F8501A24B440009A224E /* AFNetworkReachabilityManager.m in Sources */,
				9C077DB31A2387F500F41D7F /* GenericObject.m in Sources */,
				9CF8F84E1A24B440009A224E /* AFHTTPRequestOperationManager.m in Sources */,
				9CF8F8541A24B440009A224E /* AFURLResponseSerialization.m in Sources */,
				9CF8F84D1A24B440009A224E /* AFHTTPRequestOperation.m in Sources */,
				9CFA204D1A1A45F50077C590 /* StationsListViewController.m in Sources */,
			);
			runOnlyForDeploymentPostprocessing = 0;
		};
		9CFA202D1A1A44FA0077C590 /* Sources */ = {
			isa = PBXSourcesBuildPhase;
			buildActionMask = 2147483647;
			files = (
				9CFA20381A1A44FA0077C590 /* VelibAppTests.m in Sources */,
			);
			runOnlyForDeploymentPostprocessing = 0;
		};
/* End PBXSourcesBuildPhase section */

/* Begin PBXTargetDependency section */
		9CFA20331A1A44FA0077C590 /* PBXTargetDependency */ = {
			isa = PBXTargetDependency;
			target = 9CFA20171A1A44FA0077C590 /* VelibApp */;
			targetProxy = 9CFA20321A1A44FA0077C590 /* PBXContainerItemProxy */;
		};
/* End PBXTargetDependency section */

/* Begin PBXVariantGroup section */
		9CF8F85C1A24D471009A224E /* Localizable.strings */ = {
			isa = PBXVariantGroup;
			children = (
				9CF8F85D1A24D471009A224E /* en */,
				9CF8F85F1A24D476009A224E /* fr */,
			);
			name = Localizable.strings;
			sourceTree = "<group>";
		};
		9CFA20251A1A44FA0077C590 /* Main.storyboard */ = {
			isa = PBXVariantGroup;
			children = (
				9CFA20261A1A44FA0077C590 /* Base */,
			);
			name = Main.storyboard;
			sourceTree = "<group>";
		};
		9CFA202A1A1A44FA0077C590 /* LaunchScreen.xib */ = {
			isa = PBXVariantGroup;
			children = (
				9CFA202B1A1A44FA0077C590 /* Base */,
				9CF8F85B1A24D3D2009A224E /* fr */,
			);
			name = LaunchScreen.xib;
			sourceTree = "<group>";
		};
/* End PBXVariantGroup section */

/* Begin XCBuildConfiguration section */
		9C2BD1B81A26251800821590 /* Appstore */ = {
			isa = XCBuildConfiguration;
			buildSettings = {
				ALWAYS_SEARCH_USER_PATHS = NO;
				CLANG_CXX_LANGUAGE_STANDARD = "gnu++0x";
				CLANG_CXX_LIBRARY = "libc++";
				CLANG_ENABLE_MODULES = YES;
				CLANG_ENABLE_OBJC_ARC = YES;
				CLANG_WARN_BOOL_CONVERSION = YES;
				CLANG_WARN_CONSTANT_CONVERSION = YES;
				CLANG_WARN_DIRECT_OBJC_ISA_USAGE = YES_ERROR;
				CLANG_WARN_EMPTY_BODY = YES;
				CLANG_WARN_ENUM_CONVERSION = YES;
				CLANG_WARN_INT_CONVERSION = YES;
				CLANG_WARN_OBJC_ROOT_CLASS = YES_ERROR;
				CLANG_WARN_UNREACHABLE_CODE = YES;
				CLANG_WARN__DUPLICATE_METHOD_MATCH = YES;
				CODE_SIGN_IDENTITY = "iPhone Developer: Iman Zarrabian (2XFKVBY27N)";
				"CODE_SIGN_IDENTITY[sdk=iphoneos*]" = "iPhone Developer: Iman Zarrabian (2XFKVBY27N)";
				COPY_PHASE_STRIP = YES;
				ENABLE_NS_ASSERTIONS = NO;
				ENABLE_STRICT_OBJC_MSGSEND = YES;
				GCC_C_LANGUAGE_STANDARD = gnu99;
				GCC_WARN_64_TO_32_BIT_CONVERSION = YES;
				GCC_WARN_ABOUT_RETURN_TYPE = YES_ERROR;
				GCC_WARN_UNDECLARED_SELECTOR = YES;
				GCC_WARN_UNINITIALIZED_AUTOS = YES_AGGRESSIVE;
				GCC_WARN_UNUSED_FUNCTION = YES;
				GCC_WARN_UNUSED_VARIABLE = YES;
				IPHONEOS_DEPLOYMENT_TARGET = 7.1;
				MTL_ENABLE_DEBUG_INFO = NO;
				PROVISIONING_PROFILE = "392e02a5-8cea-4931-b687-e8e5adc8e5a2";
				SDKROOT = iphoneos;
				VALIDATE_PRODUCT = YES;
			};
			name = Appstore;
		};
		9C2BD1B91A26251800821590 /* Appstore */ = {
			isa = XCBuildConfiguration;
			buildSettings = {
				ASSETCATALOG_COMPILER_APPICON_NAME = AppIcon;
				FRAMEWORK_SEARCH_PATHS = (
					"$(inherited)",
					"$(PROJECT_DIR)",
				);
				INFOPLIST_FILE = VelibApp/Info.plist;
				IPHONEOS_DEPLOYMENT_TARGET = 7.0;
				LD_RUNPATH_SEARCH_PATHS = "$(inherited) @executable_path/Frameworks";
				PRODUCT_NAME = "$(TARGET_NAME)";
			};
			name = Appstore;
		};
		9C2BD1BA1A26251800821590 /* Appstore */ = {
			isa = XCBuildConfiguration;
			buildSettings = {
				BUNDLE_LOADER = "$(TEST_HOST)";
				FRAMEWORK_SEARCH_PATHS = (
					"$(SDKROOT)/Developer/Library/Frameworks",
					"$(inherited)",
				);
				INFOPLIST_FILE = VelibAppTests/Info.plist;
				LD_RUNPATH_SEARCH_PATHS = "$(inherited) @executable_path/Frameworks @loader_path/Frameworks";
				PRODUCT_NAME = "$(TARGET_NAME)";
				TEST_HOST = "$(BUILT_PRODUCTS_DIR)/VelibApp.app/VelibApp";
			};
			name = Appstore;
		};
		9CFA20391A1A44FA0077C590 /* Debug */ = {
			isa = XCBuildConfiguration;
			buildSettings = {
				ALWAYS_SEARCH_USER_PATHS = NO;
				CLANG_CXX_LANGUAGE_STANDARD = "gnu++0x";
				CLANG_CXX_LIBRARY = "libc++";
				CLANG_ENABLE_MODULES = YES;
				CLANG_ENABLE_OBJC_ARC = YES;
				CLANG_WARN_BOOL_CONVERSION = YES;
				CLANG_WARN_CONSTANT_CONVERSION = YES;
				CLANG_WARN_DIRECT_OBJC_ISA_USAGE = YES_ERROR;
				CLANG_WARN_EMPTY_BODY = YES;
				CLANG_WARN_ENUM_CONVERSION = YES;
				CLANG_WARN_INT_CONVERSION = YES;
				CLANG_WARN_OBJC_ROOT_CLASS = YES_ERROR;
				CLANG_WARN_UNREACHABLE_CODE = YES;
				CLANG_WARN__DUPLICATE_METHOD_MATCH = YES;
				CODE_SIGN_IDENTITY = "iPhone Developer: Iman Zarrabian (2XFKVBY27N)";
				"CODE_SIGN_IDENTITY[sdk=iphoneos*]" = "iPhone Developer: Iman Zarrabian (2XFKVBY27N)";
				COPY_PHASE_STRIP = NO;
				ENABLE_STRICT_OBJC_MSGSEND = YES;
				GCC_C_LANGUAGE_STANDARD = gnu99;
				GCC_DYNAMIC_NO_PIC = NO;
				GCC_OPTIMIZATION_LEVEL = 0;
				GCC_PREPROCESSOR_DEFINITIONS = (
					"DEBUG=1",
					"$(inherited)",
				);
				GCC_SYMBOLS_PRIVATE_EXTERN = NO;
				GCC_WARN_64_TO_32_BIT_CONVERSION = YES;
				GCC_WARN_ABOUT_RETURN_TYPE = YES_ERROR;
				GCC_WARN_UNDECLARED_SELECTOR = YES;
				GCC_WARN_UNINITIALIZED_AUTOS = YES_AGGRESSIVE;
				GCC_WARN_UNUSED_FUNCTION = YES;
				GCC_WARN_UNUSED_VARIABLE = YES;
				IPHONEOS_DEPLOYMENT_TARGET = 7.1;
				MTL_ENABLE_DEBUG_INFO = YES;
				ONLY_ACTIVE_ARCH = YES;
				PROVISIONING_PROFILE = "392e02a5-8cea-4931-b687-e8e5adc8e5a2";
				SDKROOT = iphoneos;
			};
			name = Debug;
		};
		9CFA203A1A1A44FA0077C590 /* Release */ = {
			isa = XCBuildConfiguration;
			buildSettings = {
				ALWAYS_SEARCH_USER_PATHS = NO;
				CLANG_CXX_LANGUAGE_STANDARD = "gnu++0x";
				CLANG_CXX_LIBRARY = "libc++";
				CLANG_ENABLE_MODULES = YES;
				CLANG_ENABLE_OBJC_ARC = YES;
				CLANG_WARN_BOOL_CONVERSION = YES;
				CLANG_WARN_CONSTANT_CONVERSION = YES;
				CLANG_WARN_DIRECT_OBJC_ISA_USAGE = YES_ERROR;
				CLANG_WARN_EMPTY_BODY = YES;
				CLANG_WARN_ENUM_CONVERSION = YES;
				CLANG_WARN_INT_CONVERSION = YES;
				CLANG_WARN_OBJC_ROOT_CLASS = YES_ERROR;
				CLANG_WARN_UNREACHABLE_CODE = YES;
				CLANG_WARN__DUPLICATE_METHOD_MATCH = YES;
				CODE_SIGN_IDENTITY = "iPhone Developer: Iman Zarrabian (2XFKVBY27N)";
				"CODE_SIGN_IDENTITY[sdk=iphoneos*]" = "iPhone Developer: Iman Zarrabian (2XFKVBY27N)";
				COPY_PHASE_STRIP = YES;
				ENABLE_NS_ASSERTIONS = NO;
				ENABLE_STRICT_OBJC_MSGSEND = YES;
				GCC_C_LANGUAGE_STANDARD = gnu99;
				GCC_WARN_64_TO_32_BIT_CONVERSION = YES;
				GCC_WARN_ABOUT_RETURN_TYPE = YES_ERROR;
				GCC_WARN_UNDECLARED_SELECTOR = YES;
				GCC_WARN_UNINITIALIZED_AUTOS = YES_AGGRESSIVE;
				GCC_WARN_UNUSED_FUNCTION = YES;
				GCC_WARN_UNUSED_VARIABLE = YES;
				IPHONEOS_DEPLOYMENT_TARGET = 7.1;
				MTL_ENABLE_DEBUG_INFO = NO;
				PROVISIONING_PROFILE = "392e02a5-8cea-4931-b687-e8e5adc8e5a2";
				SDKROOT = iphoneos;
				VALIDATE_PRODUCT = YES;
			};
			name = Release;
		};
		9CFA203C1A1A44FA0077C590 /* Debug */ = {
			isa = XCBuildConfiguration;
			buildSettings = {
				ASSETCATALOG_COMPILER_APPICON_NAME = AppIcon;
				FRAMEWORK_SEARCH_PATHS = (
					"$(inherited)",
					"$(PROJECT_DIR)",
				);
				INFOPLIST_FILE = VelibApp/Info.plist;
				IPHONEOS_DEPLOYMENT_TARGET = 7.0;
				LD_RUNPATH_SEARCH_PATHS = "$(inherited) @executable_path/Frameworks";
				PRODUCT_NAME = "$(TARGET_NAME)";
			};
			name = Debug;
		};
		9CFA203D1A1A44FA0077C590 /* Release */ = {
			isa = XCBuildConfiguration;
			buildSettings = {
				ASSETCATALOG_COMPILER_APPICON_NAME = AppIcon;
				FRAMEWORK_SEARCH_PATHS = (
					"$(inherited)",
					"$(PROJECT_DIR)",
				);
				INFOPLIST_FILE = VelibApp/Info.plist;
				IPHONEOS_DEPLOYMENT_TARGET = 7.0;
				LD_RUNPATH_SEARCH_PATHS = "$(inherited) @executable_path/Frameworks";
				PRODUCT_NAME = "$(TARGET_NAME)";
			};
			name = Release;
		};
		9CFA203F1A1A44FA0077C590 /* Debug */ = {
			isa = XCBuildConfiguration;
			buildSettings = {
				BUNDLE_LOADER = "$(TEST_HOST)";
				FRAMEWORK_SEARCH_PATHS = (
					"$(SDKROOT)/Developer/Library/Frameworks",
					"$(inherited)",
				);
				GCC_PREPROCESSOR_DEFINITIONS = (
					"DEBUG=1",
					"$(inherited)",
				);
				INFOPLIST_FILE = VelibAppTests/Info.plist;
				LD_RUNPATH_SEARCH_PATHS = "$(inherited) @executable_path/Frameworks @loader_path/Frameworks";
				PRODUCT_NAME = "$(TARGET_NAME)";
				TEST_HOST = "$(BUILT_PRODUCTS_DIR)/VelibApp.app/VelibApp";
			};
			name = Debug;
		};
		9CFA20401A1A44FA0077C590 /* Release */ = {
			isa = XCBuildConfiguration;
			buildSettings = {
				BUNDLE_LOADER = "$(TEST_HOST)";
				FRAMEWORK_SEARCH_PATHS = (
					"$(SDKROOT)/Developer/Library/Frameworks",
					"$(inherited)",
				);
				INFOPLIST_FILE = VelibAppTests/Info.plist;
				LD_RUNPATH_SEARCH_PATHS = "$(inherited) @executable_path/Frameworks @loader_path/Frameworks";
				PRODUCT_NAME = "$(TARGET_NAME)";
				TEST_HOST = "$(BUILT_PRODUCTS_DIR)/VelibApp.app/VelibApp";
			};
			name = Release;
		};
/* End XCBuildConfiguration section */

/* Begin XCConfigurationList section */
		9CFA20131A1A44FA0077C590 /* Build configuration list for PBXProject "VelibApp" */ = {
			isa = XCConfigurationList;
			buildConfigurations = (
				9CFA20391A1A44FA0077C590 /* Debug */,
				9CFA203A1A1A44FA0077C590 /* Release */,
				9C2BD1B81A26251800821590 /* Appstore */,
			);
			defaultConfigurationIsVisible = 0;
			defaultConfigurationName = Release;
		};
		9CFA203B1A1A44FA0077C590 /* Build configuration list for PBXNativeTarget "VelibApp" */ = {
			isa = XCConfigurationList;
			buildConfigurations = (
				9CFA203C1A1A44FA0077C590 /* Debug */,
				9CFA203D1A1A44FA0077C590 /* Release */,
				9C2BD1B91A26251800821590 /* Appstore */,
			);
			defaultConfigurationIsVisible = 0;
			defaultConfigurationName = Release;
		};
		9CFA203E1A1A44FA0077C590 /* Build configuration list for PBXNativeTarget "VelibAppTests" */ = {
			isa = XCConfigurationList;
			buildConfigurations = (
				9CFA203F1A1A44FA0077C590 /* Debug */,
				9CFA20401A1A44FA0077C590 /* Release */,
				9C2BD1BA1A26251800821590 /* Appstore */,
			);
			defaultConfigurationIsVisible = 0;
			defaultConfigurationName = Release;
		};
/* End XCConfigurationList section */

/* Begin XCVersionGroup section */
		9C077DA81A23425300F41D7F /* VelibApp.xcdatamodeld */ = {
			isa = XCVersionGroup;
			children = (
				9C9916721A248DAD00B1472C /* VelibApp 2.xcdatamodel */,
				9C077DA91A23425300F41D7F /* VelibApp.xcdatamodel */,
			);
			currentVersion = 9C9916721A248DAD00B1472C /* VelibApp 2.xcdatamodel */;
			path = VelibApp.xcdatamodeld;
			sourceTree = "<group>";
			versionGroupType = wrapper.xcdatamodel;
		};
/* End XCVersionGroup section */
	};
	rootObject = 9CFA20101A1A44FA0077C590 /* Project object */;
}
